
Microsoft Visual Studio Solution File, Format Version 12.00
# Visual Studio Version 16
VisualStudioVersion = 16.0.31424.327
MinimumVisualStudioVersion = 10.0.40219.1
Project("{FAE04EC0-301F-11D3-BF4B-00C04F79EFBC}") = "final-projects-csharp", "final-projects-csharp\final-projects-csharp.csproj", "{00104F9C-7497-4E2E-ABE2-62B1126FFC0F}"
EndProject
Global
	GlobalSection(SolutionConfigurationPlatforms) = preSolution
		Debug|Any CPU = Debug|Any CPU
		Release|Any CPU = Release|Any CPU
	EndGlobalSection
	GlobalSection(ProjectConfigurationPlatforms) = postSolution
		{00104F9C-7497-4E2E-ABE2-62B1126FFC0F}.Debug|Any CPU.ActiveCfg = Debug|Any CPU
		{00104F9C-7497-4E2E-ABE2-62B1126FFC0F}.Debug|Any CPU.Build.0 = Debug|Any CPU
		{00104F9C-7497-4E2E-ABE2-62B1126FFC0F}.Release|Any CPU.ActiveCfg = Release|Any CPU
		{00104F9C-7497-4E2E-ABE2-62B1126FFC0F}.Release|Any CPU.Build.0 = Release|Any CPU
	EndGlobalSection
	GlobalSection(SolutionProperties) = preSolution
		HideSolutionNode = FALSE
	EndGlobalSection
	GlobalSection(ExtensibilityGlobals) = postSolution
		SolutionGuid = {CF648993-3C86-4EDD-AA0F-07CB7FFB9869}
	EndGlobalSection
EndGlobal
